// !$*UTF8*$!
{
	archiveVersion = 1;
	classes = {
	};
	objectVersion = 50;
	objects = {

/* Begin PBXBuildFile section */
		2734E7E0F0D79E4C3C19F589 /* Pods_Domain.framework in Frameworks */ = {isa = PBXBuildFile; fileRef = 38D354B3A2B49E1000BEF861 /* Pods_Domain.framework */; };
		411BE12B26F4A82500D8168F /* Domain.h in Headers */ = {isa = PBXBuildFile; fileRef = 411BE12926F4A82500D8168F /* Domain.h */; settings = {ATTRIBUTES = (Public, ); }; };
		411BE1F626F4FED700D8168F /* DomainDependencyManager.swift in Sources */ = {isa = PBXBuildFile; fileRef = 411BE1F526F4FED700D8168F /* DomainDependencyManager.swift */; };
		411BE25426F52BD700D8168F /* GetProductListUseCase.swift in Sources */ = {isa = PBXBuildFile; fileRef = 411BE25326F52BD700D8168F /* GetProductListUseCase.swift */; };
		413B8BF626F796EC005DF18A /* Common.framework in Frameworks */ = {isa = PBXBuildFile; fileRef = 413B8BE026F79697005DF18A /* Common.framework */; };
		413B8BF726F796EC005DF18A /* Common.framework in Embed Frameworks */ = {isa = PBXBuildFile; fileRef = 413B8BE026F79697005DF18A /* Common.framework */; settings = {ATTRIBUTES = (CodeSignOnCopy, RemoveHeadersOnCopy, ); }; };
		413B8C2626F7A5E1005DF18A /* GetProductTransactionsUseCase.swift in Sources */ = {isa = PBXBuildFile; fileRef = 413B8C2526F7A5E1005DF18A /* GetProductTransactionsUseCase.swift */; };
		413B8CCC26F7F473005DF18A /* Decimal+Round.swift in Sources */ = {isa = PBXBuildFile; fileRef = 413B8CCB26F7F473005DF18A /* Decimal+Round.swift */; };
		413DD31526F640EF00BD30B7 /* CurrencyConversion.swift in Sources */ = {isa = PBXBuildFile; fileRef = 413DD31426F640EF00BD30B7 /* CurrencyConversion.swift */; };
		413DD31926F64EB100BD30B7 /* GetTransactionTotalUseCase.swift in Sources */ = {isa = PBXBuildFile; fileRef = 413DD31826F64EB100BD30B7 /* GetTransactionTotalUseCase.swift */; };
		413DD31C26F64F8D00BD30B7 /* CurrencyConversor.swift in Sources */ = {isa = PBXBuildFile; fileRef = 413DD31B26F64F8D00BD30B7 /* CurrencyConversor.swift */; };
		413EB02026F5F4D000227D51 /* Product.swift in Sources */ = {isa = PBXBuildFile; fileRef = 413EB01F26F5F4D000227D51 /* Product.swift */; };
		413EB02E26F5F88C00227D51 /* ProductListRepositoryProtocol.swift in Sources */ = {isa = PBXBuildFile; fileRef = 413EB02D26F5F88C00227D51 /* ProductListRepositoryProtocol.swift */; };
		413FA87D26F78374008ECD1D /* Domain.framework in Frameworks */ = {isa = PBXBuildFile; fileRef = 411BE12626F4A82500D8168F /* Domain.framework */; };
		413FA88626F7838F008ECD1D /* CurrencyConversorTests.swift in Sources */ = {isa = PBXBuildFile; fileRef = 413FA88526F7838F008ECD1D /* CurrencyConversorTests.swift */; };
		F39C3389D2FEC4C5C2420E17 /* Pods_DomainTests.framework in Frameworks */ = {isa = PBXBuildFile; fileRef = E1484A3E16FC92D7EB77180D /* Pods_DomainTests.framework */; };
/* End PBXBuildFile section */

/* Begin PBXContainerItemProxy section */
		413B8BDF26F79697005DF18A /* PBXContainerItemProxy */ = {
			isa = PBXContainerItemProxy;
			containerPortal = 413B8BDB26F79697005DF18A /* Common.xcodeproj */;
			proxyType = 2;
			remoteGlobalIDString = 413B8BC426F795CE005DF18A;
			remoteInfo = Common;
		};
		413B8C2026F7A591005DF18A /* PBXContainerItemProxy */ = {
			isa = PBXContainerItemProxy;
			containerPortal = 411BE11D26F4A82500D8168F /* Project object */;
			proxyType = 1;
			remoteGlobalIDString = 411BE12526F4A82500D8168F;
			remoteInfo = Domain;
		};
/* End PBXContainerItemProxy section */

/* Begin PBXCopyFilesBuildPhase section */
		413B8BF826F796EC005DF18A /* Embed Frameworks */ = {
			isa = PBXCopyFilesBuildPhase;
			buildActionMask = 2147483647;
			dstPath = "";
			dstSubfolderSpec = 10;
			files = (
				413B8BF726F796EC005DF18A /* Common.framework in Embed Frameworks */,
			);
			name = "Embed Frameworks";
			runOnlyForDeploymentPostprocessing = 0;
		};
/* End PBXCopyFilesBuildPhase section */

/* Begin PBXFileReference section */
		0ABFCD0AA2044FF533805BF8 /* Pods-Domain.debug.xcconfig */ = {isa = PBXFileReference; includeInIndex = 1; lastKnownFileType = text.xcconfig; name = "Pods-Domain.debug.xcconfig"; path = "Target Support Files/Pods-Domain/Pods-Domain.debug.xcconfig"; sourceTree = "<group>"; };
		21CB8E1601E848546C02CC56 /* Pods-DomainTests.release.xcconfig */ = {isa = PBXFileReference; includeInIndex = 1; lastKnownFileType = text.xcconfig; name = "Pods-DomainTests.release.xcconfig"; path = "Target Support Files/Pods-DomainTests/Pods-DomainTests.release.xcconfig"; sourceTree = "<group>"; };
		38D354B3A2B49E1000BEF861 /* Pods_Domain.framework */ = {isa = PBXFileReference; explicitFileType = wrapper.framework; includeInIndex = 0; path = Pods_Domain.framework; sourceTree = BUILT_PRODUCTS_DIR; };
		411BE12626F4A82500D8168F /* Domain.framework */ = {isa = PBXFileReference; explicitFileType = wrapper.framework; includeInIndex = 0; path = Domain.framework; sourceTree = BUILT_PRODUCTS_DIR; };
		411BE12926F4A82500D8168F /* Domain.h */ = {isa = PBXFileReference; lastKnownFileType = sourcecode.c.h; path = Domain.h; sourceTree = "<group>"; };
		411BE12A26F4A82500D8168F /* Info.plist */ = {isa = PBXFileReference; lastKnownFileType = text.plist.xml; path = Info.plist; sourceTree = "<group>"; };
		411BE1F526F4FED700D8168F /* DomainDependencyManager.swift */ = {isa = PBXFileReference; lastKnownFileType = sourcecode.swift; path = DomainDependencyManager.swift; sourceTree = "<group>"; };
		411BE25326F52BD700D8168F /* GetProductListUseCase.swift */ = {isa = PBXFileReference; lastKnownFileType = sourcecode.swift; path = GetProductListUseCase.swift; sourceTree = "<group>"; };
		413B8BDB26F79697005DF18A /* Common.xcodeproj */ = {isa = PBXFileReference; lastKnownFileType = "wrapper.pb-project"; name = Common.xcodeproj; path = ../../Common/Common.xcodeproj; sourceTree = "<group>"; };
		413B8C2526F7A5E1005DF18A /* GetProductTransactionsUseCase.swift */ = {isa = PBXFileReference; fileEncoding = 4; lastKnownFileType = sourcecode.swift; path = GetProductTransactionsUseCase.swift; sourceTree = "<group>"; };
		413B8CCB26F7F473005DF18A /* Decimal+Round.swift */ = {isa = PBXFileReference; lastKnownFileType = sourcecode.swift; path = "Decimal+Round.swift"; sourceTree = "<group>"; };
		413DD31426F640EF00BD30B7 /* CurrencyConversion.swift */ = {isa = PBXFileReference; lastKnownFileType = sourcecode.swift; path = CurrencyConversion.swift; sourceTree = "<group>"; };
		413DD31826F64EB100BD30B7 /* GetTransactionTotalUseCase.swift */ = {isa = PBXFileReference; lastKnownFileType = sourcecode.swift; path = GetTransactionTotalUseCase.swift; sourceTree = "<group>"; };
		413DD31B26F64F8D00BD30B7 /* CurrencyConversor.swift */ = {isa = PBXFileReference; lastKnownFileType = sourcecode.swift; path = CurrencyConversor.swift; sourceTree = "<group>"; };
		413EB01F26F5F4D000227D51 /* Product.swift */ = {isa = PBXFileReference; lastKnownFileType = sourcecode.swift; path = Product.swift; sourceTree = "<group>"; };
		413EB02D26F5F88C00227D51 /* ProductListRepositoryProtocol.swift */ = {isa = PBXFileReference; lastKnownFileType = sourcecode.swift; path = ProductListRepositoryProtocol.swift; sourceTree = "<group>"; };
		413FA87826F78374008ECD1D /* DomainTests.xctest */ = {isa = PBXFileReference; explicitFileType = wrapper.cfbundle; includeInIndex = 0; path = DomainTests.xctest; sourceTree = BUILT_PRODUCTS_DIR; };
		413FA87C26F78374008ECD1D /* Info.plist */ = {isa = PBXFileReference; lastKnownFileType = text.plist.xml; path = Info.plist; sourceTree = "<group>"; };
		413FA88526F7838F008ECD1D /* CurrencyConversorTests.swift */ = {isa = PBXFileReference; lastKnownFileType = sourcecode.swift; path = CurrencyConversorTests.swift; sourceTree = "<group>"; };
		96B4E6A9309C47750F3F1CBD /* Pods-DomainTests.debug.xcconfig */ = {isa = PBXFileReference; includeInIndex = 1; lastKnownFileType = text.xcconfig; name = "Pods-DomainTests.debug.xcconfig"; path = "Target Support Files/Pods-DomainTests/Pods-DomainTests.debug.xcconfig"; sourceTree = "<group>"; };
		E1484A3E16FC92D7EB77180D /* Pods_DomainTests.framework */ = {isa = PBXFileReference; explicitFileType = wrapper.framework; includeInIndex = 0; path = Pods_DomainTests.framework; sourceTree = BUILT_PRODUCTS_DIR; };
		FCF1874D4CA53B6ECDC024A2 /* Pods-Domain.release.xcconfig */ = {isa = PBXFileReference; includeInIndex = 1; lastKnownFileType = text.xcconfig; name = "Pods-Domain.release.xcconfig"; path = "Target Support Files/Pods-Domain/Pods-Domain.release.xcconfig"; sourceTree = "<group>"; };
/* End PBXFileReference section */

/* Begin PBXFrameworksBuildPhase section */
		411BE12326F4A82500D8168F /* Frameworks */ = {
			isa = PBXFrameworksBuildPhase;
			buildActionMask = 2147483647;
			files = (
				413B8BF626F796EC005DF18A /* Common.framework in Frameworks */,
				2734E7E0F0D79E4C3C19F589 /* Pods_Domain.framework in Frameworks */,
			);
			runOnlyForDeploymentPostprocessing = 0;
		};
		413FA87526F78374008ECD1D /* Frameworks */ = {
			isa = PBXFrameworksBuildPhase;
			buildActionMask = 2147483647;
			files = (
				413FA87D26F78374008ECD1D /* Domain.framework in Frameworks */,
				F39C3389D2FEC4C5C2420E17 /* Pods_DomainTests.framework in Frameworks */,
			);
			runOnlyForDeploymentPostprocessing = 0;
		};
/* End PBXFrameworksBuildPhase section */

/* Begin PBXGroup section */
		411BE11C26F4A82500D8168F = {
			isa = PBXGroup;
			children = (
				413B8BDA26F7968B005DF18A /* Dependencies */,
				411BE12826F4A82500D8168F /* Domain */,
				413FA87926F78374008ECD1D /* DomainTests */,
				411BE12726F4A82500D8168F /* Products */,
				FB3D64B6C2977695FBB82890 /* Pods */,
				E8369C50BD4CA6A33AE144F1 /* Frameworks */,
			);
			sourceTree = "<group>";
		};
		411BE12726F4A82500D8168F /* Products */ = {
			isa = PBXGroup;
			children = (
				411BE12626F4A82500D8168F /* Domain.framework */,
				413FA87826F78374008ECD1D /* DomainTests.xctest */,
			);
			name = Products;
			sourceTree = "<group>";
		};
		411BE12826F4A82500D8168F /* Domain */ = {
			isa = PBXGroup;
			children = (
				413B8CCF26F7FACE005DF18A /* Support files */,
				413EB02C26F5F87800227D51 /* Repository */,
				411BE1F426F4FEC100D8168F /* DI */,
				411BE1BC26F4E2FA00D8168F /* Entities */,
				411BE1BB26F4E2F200D8168F /* UseCases */,
				411BE12926F4A82500D8168F /* Domain.h */,
				411BE12A26F4A82500D8168F /* Info.plist */,
			);
			path = Domain;
			sourceTree = "<group>";
		};
		411BE1BB26F4E2F200D8168F /* UseCases */ = {
			isa = PBXGroup;
			children = (
				413B8C2526F7A5E1005DF18A /* GetProductTransactionsUseCase.swift */,
				411BE25326F52BD700D8168F /* GetProductListUseCase.swift */,
				413DD31826F64EB100BD30B7 /* GetTransactionTotalUseCase.swift */,
			);
			path = UseCases;
			sourceTree = "<group>";
		};
		411BE1BC26F4E2FA00D8168F /* Entities */ = {
			isa = PBXGroup;
			children = (
				413EB01F26F5F4D000227D51 /* Product.swift */,
				413DD31426F640EF00BD30B7 /* CurrencyConversion.swift */,
			);
			path = Entities;
			sourceTree = "<group>";
		};
		411BE1F426F4FEC100D8168F /* DI */ = {
			isa = PBXGroup;
			children = (
				411BE1F526F4FED700D8168F /* DomainDependencyManager.swift */,
			);
			path = DI;
			sourceTree = "<group>";
		};
		413B8BDA26F7968B005DF18A /* Dependencies */ = {
			isa = PBXGroup;
			children = (
				413B8BDB26F79697005DF18A /* Common.xcodeproj */,
			);
			path = Dependencies;
			sourceTree = "<group>";
		};
		413B8BDC26F79697005DF18A /* Products */ = {
			isa = PBXGroup;
			children = (
				413B8BE026F79697005DF18A /* Common.framework */,
			);
			name = Products;
			sourceTree = "<group>";
		};
		413B8CCF26F7FACE005DF18A /* Support files */ = {
			isa = PBXGroup;
			children = (
				413DD31B26F64F8D00BD30B7 /* CurrencyConversor.swift */,
				413B8CCB26F7F473005DF18A /* Decimal+Round.swift */,
			);
			path = "Support files";
			sourceTree = "<group>";
		};
		413EB02C26F5F87800227D51 /* Repository */ = {
			isa = PBXGroup;
			children = (
				413EB02D26F5F88C00227D51 /* ProductListRepositoryProtocol.swift */,
			);
			path = Repository;
			sourceTree = "<group>";
		};
		413FA87926F78374008ECD1D /* DomainTests */ = {
			isa = PBXGroup;
			children = (
				413FA87C26F78374008ECD1D /* Info.plist */,
				413FA88526F7838F008ECD1D /* CurrencyConversorTests.swift */,
			);
			path = DomainTests;
			sourceTree = "<group>";
		};
		E8369C50BD4CA6A33AE144F1 /* Frameworks */ = {
			isa = PBXGroup;
			children = (
				38D354B3A2B49E1000BEF861 /* Pods_Domain.framework */,
				E1484A3E16FC92D7EB77180D /* Pods_DomainTests.framework */,
			);
			name = Frameworks;
			sourceTree = "<group>";
		};
		FB3D64B6C2977695FBB82890 /* Pods */ = {
			isa = PBXGroup;
			children = (
				0ABFCD0AA2044FF533805BF8 /* Pods-Domain.debug.xcconfig */,
				FCF1874D4CA53B6ECDC024A2 /* Pods-Domain.release.xcconfig */,
				96B4E6A9309C47750F3F1CBD /* Pods-DomainTests.debug.xcconfig */,
				21CB8E1601E848546C02CC56 /* Pods-DomainTests.release.xcconfig */,
			);
			name = Pods;
			path = ../Pods;
			sourceTree = "<group>";
		};
/* End PBXGroup section */

/* Begin PBXHeadersBuildPhase section */
		411BE12126F4A82500D8168F /* Headers */ = {
			isa = PBXHeadersBuildPhase;
			buildActionMask = 2147483647;
			files = (
				411BE12B26F4A82500D8168F /* Domain.h in Headers */,
			);
			runOnlyForDeploymentPostprocessing = 0;
		};
/* End PBXHeadersBuildPhase section */

/* Begin PBXNativeTarget section */
		411BE12526F4A82500D8168F /* Domain */ = {
			isa = PBXNativeTarget;
			buildConfigurationList = 411BE12E26F4A82500D8168F /* Build configuration list for PBXNativeTarget "Domain" */;
			buildPhases = (
				4217FD1F78005325AB766081 /* [CP] Check Pods Manifest.lock */,
				411BE12126F4A82500D8168F /* Headers */,
				411BE12226F4A82500D8168F /* Sources */,
				411BE12326F4A82500D8168F /* Frameworks */,
				411BE12426F4A82500D8168F /* Resources */,
				413B8BF826F796EC005DF18A /* Embed Frameworks */,
			);
			buildRules = (
			);
			dependencies = (
			);
			name = Domain;
			productName = Domain;
			productReference = 411BE12626F4A82500D8168F /* Domain.framework */;
			productType = "com.apple.product-type.framework";
		};
		413FA87726F78374008ECD1D /* DomainTests */ = {
			isa = PBXNativeTarget;
			buildConfigurationList = 413FA88026F78374008ECD1D /* Build configuration list for PBXNativeTarget "DomainTests" */;
			buildPhases = (
				AA9A0D0CD919C0430467C66C /* [CP] Check Pods Manifest.lock */,
				413FA87426F78374008ECD1D /* Sources */,
				413FA87526F78374008ECD1D /* Frameworks */,
				413FA87626F78374008ECD1D /* Resources */,
			);
			buildRules = (
			);
			dependencies = (
				413FA87F26F78374008ECD1D /* PBXTargetDependency */,
			);
			name = DomainTests;
			productName = DomainTests;
			productReference = 413FA87826F78374008ECD1D /* DomainTests.xctest */;
			productType = "com.apple.product-type.bundle.unit-test";
		};
/* End PBXNativeTarget section */

/* Begin PBXProject section */
		411BE11D26F4A82500D8168F /* Project object */ = {
			isa = PBXProject;
			attributes = {
				LastSwiftUpdateCheck = 1240;
				LastUpgradeCheck = 1240;
				TargetAttributes = {
					411BE12526F4A82500D8168F = {
						CreatedOnToolsVersion = 12.4;
						LastSwiftMigration = 1240;
					};
					413FA87726F78374008ECD1D = {
						CreatedOnToolsVersion = 12.4;
					};
				};
			};
			buildConfigurationList = 411BE12026F4A82500D8168F /* Build configuration list for PBXProject "Domain" */;
			compatibilityVersion = "Xcode 9.3";
			developmentRegion = en;
			hasScannedForEncodings = 0;
			knownRegions = (
				en,
				Base,
			);
			mainGroup = 411BE11C26F4A82500D8168F;
			productRefGroup = 411BE12726F4A82500D8168F /* Products */;
			projectDirPath = "";
			projectReferences = (
				{
					ProductGroup = 413B8BDC26F79697005DF18A /* Products */;
					ProjectRef = 413B8BDB26F79697005DF18A /* Common.xcodeproj */;
				},
			);
			projectRoot = "";
			targets = (
				411BE12526F4A82500D8168F /* Domain */,
				413FA87726F78374008ECD1D /* DomainTests */,
			);
		};
/* End PBXProject section */

/* Begin PBXReferenceProxy section */
		413B8BE026F79697005DF18A /* Common.framework */ = {
			isa = PBXReferenceProxy;
			fileType = wrapper.framework;
			path = Common.framework;
			remoteRef = 413B8BDF26F79697005DF18A /* PBXContainerItemProxy */;
			sourceTree = BUILT_PRODUCTS_DIR;
		};
/* End PBXReferenceProxy section */

/* Begin PBXResourcesBuildPhase section */
		411BE12426F4A82500D8168F /* Resources */ = {
			isa = PBXResourcesBuildPhase;
			buildActionMask = 2147483647;
			files = (
			);
			runOnlyForDeploymentPostprocessing = 0;
		};
		413FA87626F78374008ECD1D /* Resources */ = {
			isa = PBXResourcesBuildPhase;
			buildActionMask = 2147483647;
			files = (
			);
			runOnlyForDeploymentPostprocessing = 0;
		};
/* End PBXResourcesBuildPhase section */

/* Begin PBXShellScriptBuildPhase section */
		4217FD1F78005325AB766081 /* [CP] Check Pods Manifest.lock */ = {
			isa = PBXShellScriptBuildPhase;
			buildActionMask = 2147483647;
			files = (
			);
			inputFileListPaths = (
			);
			inputPaths = (
				"${PODS_PODFILE_DIR_PATH}/Podfile.lock",
				"${PODS_ROOT}/Manifest.lock",
			);
			name = "[CP] Check Pods Manifest.lock";
			outputFileListPaths = (
			);
			outputPaths = (
				"$(DERIVED_FILE_DIR)/Pods-Domain-checkManifestLockResult.txt",
			);
			runOnlyForDeploymentPostprocessing = 0;
			shellPath = /bin/sh;
			shellScript = "diff \"${PODS_PODFILE_DIR_PATH}/Podfile.lock\" \"${PODS_ROOT}/Manifest.lock\" > /dev/null\nif [ $? != 0 ] ; then\n    # print error to STDERR\n    echo \"error: The sandbox is not in sync with the Podfile.lock. Run 'pod install' or update your CocoaPods installation.\" >&2\n    exit 1\nfi\n# This output is used by Xcode 'outputs' to avoid re-running this script phase.\necho \"SUCCESS\" > \"${SCRIPT_OUTPUT_FILE_0}\"\n";
			showEnvVarsInLog = 0;
		};
		AA9A0D0CD919C0430467C66C /* [CP] Check Pods Manifest.lock */ = {
			isa = PBXShellScriptBuildPhase;
			buildActionMask = 2147483647;
			files = (
			);
			inputFileListPaths = (
			);
			inputPaths = (
				"${PODS_PODFILE_DIR_PATH}/Podfile.lock",
				"${PODS_ROOT}/Manifest.lock",
			);
			name = "[CP] Check Pods Manifest.lock";
			outputFileListPaths = (
			);
			outputPaths = (
				"$(DERIVED_FILE_DIR)/Pods-DomainTests-checkManifestLockResult.txt",
			);
			runOnlyForDeploymentPostprocessing = 0;
			shellPath = /bin/sh;
			shellScript = "diff \"${PODS_PODFILE_DIR_PATH}/Podfile.lock\" \"${PODS_ROOT}/Manifest.lock\" > /dev/null\nif [ $? != 0 ] ; then\n    # print error to STDERR\n    echo \"error: The sandbox is not in sync with the Podfile.lock. Run 'pod install' or update your CocoaPods installation.\" >&2\n    exit 1\nfi\n# This output is used by Xcode 'outputs' to avoid re-running this script phase.\necho \"SUCCESS\" > \"${SCRIPT_OUTPUT_FILE_0}\"\n";
			showEnvVarsInLog = 0;
		};
/* End PBXShellScriptBuildPhase section */

/* Begin PBXSourcesBuildPhase section */
		411BE12226F4A82500D8168F /* Sources */ = {
			isa = PBXSourcesBuildPhase;
			buildActionMask = 2147483647;
			files = (
				413DD31C26F64F8D00BD30B7 /* CurrencyConversor.swift in Sources */,
				413B8C2626F7A5E1005DF18A /* GetProductTransactionsUseCase.swift in Sources */,
				411BE25426F52BD700D8168F /* GetProductListUseCase.swift in Sources */,
				413DD31926F64EB100BD30B7 /* GetTransactionTotalUseCase.swift in Sources */,
				413EB02E26F5F88C00227D51 /* ProductListRepositoryProtocol.swift in Sources */,
				413B8CCC26F7F473005DF18A /* Decimal+Round.swift in Sources */,
				411BE1F626F4FED700D8168F /* DomainDependencyManager.swift in Sources */,
				413DD31526F640EF00BD30B7 /* CurrencyConversion.swift in Sources */,
				413EB02026F5F4D000227D51 /* Product.swift in Sources */,
			);
			runOnlyForDeploymentPostprocessing = 0;
		};
		413FA87426F78374008ECD1D /* Sources */ = {
			isa = PBXSourcesBuildPhase;
			buildActionMask = 2147483647;
			files = (
				413FA88626F7838F008ECD1D /* CurrencyConversorTests.swift in Sources */,
			);
			runOnlyForDeploymentPostprocessing = 0;
		};
/* End PBXSourcesBuildPhase section */

/* Begin PBXTargetDependency section */
		413FA87F26F78374008ECD1D /* PBXTargetDependency */ = {
			isa = PBXTargetDependency;
			target = 411BE12526F4A82500D8168F /* Domain */;
			targetProxy = 413B8C2026F7A591005DF18A /* PBXContainerItemProxy */;
		};
/* End PBXTargetDependency section */

/* Begin XCBuildConfiguration section */
		411BE12C26F4A82500D8168F /* Debug */ = {
			isa = XCBuildConfiguration;
			buildSettings = {
				ALWAYS_SEARCH_USER_PATHS = NO;
				CLANG_ANALYZER_NONNULL = YES;
				CLANG_ANALYZER_NUMBER_OBJECT_CONVERSION = YES_AGGRESSIVE;
				CLANG_CXX_LANGUAGE_STANDARD = "gnu++14";
				CLANG_CXX_LIBRARY = "libc++";
				CLANG_ENABLE_MODULES = YES;
				CLANG_ENABLE_OBJC_ARC = YES;
				CLANG_ENABLE_OBJC_WEAK = YES;
				CLANG_WARN_BLOCK_CAPTURE_AUTORELEASING = YES;
				CLANG_WARN_BOOL_CONVERSION = YES;
				CLANG_WARN_COMMA = YES;
				CLANG_WARN_CONSTANT_CONVERSION = YES;
				CLANG_WARN_DEPRECATED_OBJC_IMPLEMENTATIONS = YES;
				CLANG_WARN_DIRECT_OBJC_ISA_USAGE = YES_ERROR;
				CLANG_WARN_DOCUMENTATION_COMMENTS = YES;
				CLANG_WARN_EMPTY_BODY = YES;
				CLANG_WARN_ENUM_CONVERSION = YES;
				CLANG_WARN_INFINITE_RECURSION = YES;
				CLANG_WARN_INT_CONVERSION = YES;
				CLANG_WARN_NON_LITERAL_NULL_CONVERSION = YES;
				CLANG_WARN_OBJC_IMPLICIT_RETAIN_SELF = YES;
				CLANG_WARN_OBJC_LITERAL_CONVERSION = YES;
				CLANG_WARN_OBJC_ROOT_CLASS = YES_ERROR;
				CLANG_WARN_QUOTED_INCLUDE_IN_FRAMEWORK_HEADER = YES;
				CLANG_WARN_RANGE_LOOP_ANALYSIS = YES;
				CLANG_WARN_STRICT_PROTOTYPES = YES;
				CLANG_WARN_SUSPICIOUS_MOVE = YES;
				CLANG_WARN_UNGUARDED_AVAILABILITY = YES_AGGRESSIVE;
				CLANG_WARN_UNREACHABLE_CODE = YES;
				CLANG_WARN__DUPLICATE_METHOD_MATCH = YES;
				COPY_PHASE_STRIP = NO;
				CURRENT_PROJECT_VERSION = 1;
				DEBUG_INFORMATION_FORMAT = dwarf;
				ENABLE_STRICT_OBJC_MSGSEND = YES;
				ENABLE_TESTABILITY = YES;
				GCC_C_LANGUAGE_STANDARD = gnu11;
				GCC_DYNAMIC_NO_PIC = NO;
				GCC_NO_COMMON_BLOCKS = YES;
				GCC_OPTIMIZATION_LEVEL = 0;
				GCC_PREPROCESSOR_DEFINITIONS = (
					"DEBUG=1",
					"$(inherited)",
				);
				GCC_WARN_64_TO_32_BIT_CONVERSION = YES;
				GCC_WARN_ABOUT_RETURN_TYPE = YES_ERROR;
				GCC_WARN_UNDECLARED_SELECTOR = YES;
				GCC_WARN_UNINITIALIZED_AUTOS = YES_AGGRESSIVE;
				GCC_WARN_UNUSED_FUNCTION = YES;
				GCC_WARN_UNUSED_VARIABLE = YES;
				IPHONEOS_DEPLOYMENT_TARGET = 14.4;
				MTL_ENABLE_DEBUG_INFO = INCLUDE_SOURCE;
				MTL_FAST_MATH = YES;
				ONLY_ACTIVE_ARCH = YES;
				SDKROOT = iphoneos;
				SWIFT_ACTIVE_COMPILATION_CONDITIONS = DEBUG;
				SWIFT_OPTIMIZATION_LEVEL = "-Onone";
				VERSIONING_SYSTEM = "apple-generic";
				VERSION_INFO_PREFIX = "";
			};
			name = Debug;
		};
		411BE12D26F4A82500D8168F /* Release */ = {
			isa = XCBuildConfiguration;
			buildSettings = {
				ALWAYS_SEARCH_USER_PATHS = NO;
				CLANG_ANALYZER_NONNULL = YES;
				CLANG_ANALYZER_NUMBER_OBJECT_CONVERSION = YES_AGGRESSIVE;
				CLANG_CXX_LANGUAGE_STANDARD = "gnu++14";
				CLANG_CXX_LIBRARY = "libc++";
				CLANG_ENABLE_MODULES = YES;
				CLANG_ENABLE_OBJC_ARC = YES;
				CLANG_ENABLE_OBJC_WEAK = YES;
				CLANG_WARN_BLOCK_CAPTURE_AUTORELEASING = YES;
				CLANG_WARN_BOOL_CONVERSION = YES;
				CLANG_WARN_COMMA = YES;
				CLANG_WARN_CONSTANT_CONVERSION = YES;
				CLANG_WARN_DEPRECATED_OBJC_IMPLEMENTATIONS = YES;
				CLANG_WARN_DIRECT_OBJC_ISA_USAGE = YES_ERROR;
				CLANG_WARN_DOCUMENTATION_COMMENTS = YES;
				CLANG_WARN_EMPTY_BODY = YES;
				CLANG_WARN_ENUM_CONVERSION = YES;
				CLANG_WARN_INFINITE_RECURSION = YES;
				CLANG_WARN_INT_CONVERSION = YES;
				CLANG_WARN_NON_LITERAL_NULL_CONVERSION = YES;
				CLANG_WARN_OBJC_IMPLICIT_RETAIN_SELF = YES;
				CLANG_WARN_OBJC_LITERAL_CONVERSION = YES;
				CLANG_WARN_OBJC_ROOT_CLASS = YES_ERROR;
				CLANG_WARN_QUOTED_INCLUDE_IN_FRAMEWORK_HEADER = YES;
				CLANG_WARN_RANGE_LOOP_ANALYSIS = YES;
				CLANG_WARN_STRICT_PROTOTYPES = YES;
				CLANG_WARN_SUSPICIOUS_MOVE = YES;
				CLANG_WARN_UNGUARDED_AVAILABILITY = YES_AGGRESSIVE;
				CLANG_WARN_UNREACHABLE_CODE = YES;
				CLANG_WARN__DUPLICATE_METHOD_MATCH = YES;
				COPY_PHASE_STRIP = NO;
				CURRENT_PROJECT_VERSION = 1;
				DEBUG_INFORMATION_FORMAT = "dwarf-with-dsym";
				ENABLE_NS_ASSERTIONS = NO;
				ENABLE_STRICT_OBJC_MSGSEND = YES;
				GCC_C_LANGUAGE_STANDARD = gnu11;
				GCC_NO_COMMON_BLOCKS = YES;
				GCC_WARN_64_TO_32_BIT_CONVERSION = YES;
				GCC_WARN_ABOUT_RETURN_TYPE = YES_ERROR;
				GCC_WARN_UNDECLARED_SELECTOR = YES;
				GCC_WARN_UNINITIALIZED_AUTOS = YES_AGGRESSIVE;
				GCC_WARN_UNUSED_FUNCTION = YES;
				GCC_WARN_UNUSED_VARIABLE = YES;
				IPHONEOS_DEPLOYMENT_TARGET = 14.4;
				MTL_ENABLE_DEBUG_INFO = NO;
				MTL_FAST_MATH = YES;
				SDKROOT = iphoneos;
				SWIFT_COMPILATION_MODE = wholemodule;
				SWIFT_OPTIMIZATION_LEVEL = "-O";
				VALIDATE_PRODUCT = YES;
				VERSIONING_SYSTEM = "apple-generic";
				VERSION_INFO_PREFIX = "";
			};
			name = Release;
		};
		411BE12F26F4A82500D8168F /* Debug */ = {
			isa = XCBuildConfiguration;
			baseConfigurationReference = 0ABFCD0AA2044FF533805BF8 /* Pods-Domain.debug.xcconfig */;
			buildSettings = {
				CLANG_ENABLE_MODULES = YES;
				CODE_SIGN_STYLE = Automatic;
				DEFINES_MODULE = YES;
				DYLIB_COMPATIBILITY_VERSION = 1;
				DYLIB_CURRENT_VERSION = 1;
				DYLIB_INSTALL_NAME_BASE = "@rpath";
				INFOPLIST_FILE = Domain/Info.plist;
				INSTALL_PATH = "$(LOCAL_LIBRARY_DIR)/Frameworks";
				LD_RUNPATH_SEARCH_PATHS = (
					"$(inherited)",
					"@executable_path/Frameworks",
					"@loader_path/Frameworks",
				);
				PRODUCT_BUNDLE_IDENTIFIER = com.jaimealcantara.Domain;
				PRODUCT_NAME = "$(TARGET_NAME:c99extidentifier)";
				SKIP_INSTALL = YES;
				SWIFT_OPTIMIZATION_LEVEL = "-Onone";
				SWIFT_VERSION = 5.0;
				TARGETED_DEVICE_FAMILY = "1,2";
			};
			name = Debug;
		};
		411BE13026F4A82500D8168F /* Release */ = {
			isa = XCBuildConfiguration;
			baseConfigurationReference = FCF1874D4CA53B6ECDC024A2 /* Pods-Domain.release.xcconfig */;
			buildSettings = {
				CLANG_ENABLE_MODULES = YES;
				CODE_SIGN_STYLE = Automatic;
				DEFINES_MODULE = YES;
				DYLIB_COMPATIBILITY_VERSION = 1;
				DYLIB_CURRENT_VERSION = 1;
				DYLIB_INSTALL_NAME_BASE = "@rpath";
				INFOPLIST_FILE = Domain/Info.plist;
				INSTALL_PATH = "$(LOCAL_LIBRARY_DIR)/Frameworks";
				LD_RUNPATH_SEARCH_PATHS = (
					"$(inherited)",
					"@executable_path/Frameworks",
					"@loader_path/Frameworks",
				);
				PRODUCT_BUNDLE_IDENTIFIER = com.jaimealcantara.Domain;
				PRODUCT_NAME = "$(TARGET_NAME:c99extidentifier)";
				SKIP_INSTALL = YES;
				SWIFT_VERSION = 5.0;
				TARGETED_DEVICE_FAMILY = "1,2";
			};
			name = Release;
		};
		413FA88126F78374008ECD1D /* Debug */ = {
			isa = XCBuildConfiguration;
			baseConfigurationReference = 96B4E6A9309C47750F3F1CBD /* Pods-DomainTests.debug.xcconfig */;
			buildSettings = {
				CODE_SIGN_STYLE = Automatic;
				INFOPLIST_FILE = DomainTests/Info.plist;
				LD_RUNPATH_SEARCH_PATHS = (
					"$(inherited)",
					"@executable_path/Frameworks",
					"@loader_path/Frameworks",
				);
				PRODUCT_BUNDLE_IDENTIFIER = com.jaimealcantara.DomainTests;
				PRODUCT_NAME = "$(TARGET_NAME)";
				SWIFT_VERSION = 5.0;
				TARGETED_DEVICE_FAMILY = "1,2";
			};
			name = Debug;
		};
		413FA88226F78374008ECD1D /* Release */ = {
			isa = XCBuildConfiguration;
			baseConfigurationReference = 21CB8E1601E848546C02CC56 /* Pods-DomainTests.release.xcconfig */;
			buildSettings = {
				CODE_SIGN_STYLE = Automatic;
				INFOPLIST_FILE = DomainTests/Info.plist;
				LD_RUNPATH_SEARCH_PATHS = (
					"$(inherited)",
					"@executable_path/Frameworks",
					"@loader_path/Frameworks",
				);
				PRODUCT_BUNDLE_IDENTIFIER = com.jaimealcantara.DomainTests;
				PRODUCT_NAME = "$(TARGET_NAME)";
				SWIFT_VERSION = 5.0;
				TARGETED_DEVICE_FAMILY = "1,2";
			};
			name = Release;
		};
/* End XCBuildConfiguration section */

/* Begin XCConfigurationList section */
		411BE12026F4A82500D8168F /* Build configuration list for PBXProject "Domain" */ = {
			isa = XCConfigurationList;
			buildConfigurations = (
				411BE12C26F4A82500D8168F /* Debug */,
				411BE12D26F4A82500D8168F /* Release */,
			);
			defaultConfigurationIsVisible = 0;
			defaultConfigurationName = Release;
		};
		411BE12E26F4A82500D8168F /* Build configuration list for PBXNativeTarget "Domain" */ = {
			isa = XCConfigurationList;
			buildConfigurations = (
				411BE12F26F4A82500D8168F /* Debug */,
				411BE13026F4A82500D8168F /* Release */,
			);
			defaultConfigurationIsVisible = 0;
			defaultConfigurationName = Release;
		};
		413FA88026F78374008ECD1D /* Build configuration list for PBXNativeTarget "DomainTests" */ = {
			isa = XCConfigurationList;
			buildConfigurations = (
				413FA88126F78374008ECD1D /* Debug */,
				413FA88226F78374008ECD1D /* Release */,
			);
			defaultConfigurationIsVisible = 0;
			defaultConfigurationName = Release;
		};
/* End XCConfigurationList section */
	};
	rootObject = 411BE11D26F4A82500D8168F /* Project object */;
}
